
Microsoft Visual Studio Solution File, Format Version 12.00
# Visual Studio Version 17
VisualStudioVersion = 17.4.33110.190
MinimumVisualStudioVersion = 10.0.40219.1
Project("{FAE04EC0-301F-11D3-BF4B-00C04F79EFBC}") = "Monstro", "Monstro\Monstro.csproj", "{A8D33B00-CFAB-46DA-B051-A87F1BC1E8FF}"
EndProject
Global
	GlobalSection(SolutionConfigurationPlatforms) = preSolution
		Debug|Any CPU = Debug|Any CPU
		Release|Any CPU = Release|Any CPU
	EndGlobalSection
	GlobalSection(ProjectConfigurationPlatforms) = postSolution
		{A8D33B00-CFAB-46DA-B051-A87F1BC1E8FF}.Debug|Any CPU.ActiveCfg = Debug|Any CPU
		{A8D33B00-CFAB-46DA-B051-A87F1BC1E8FF}.Debug|Any CPU.Build.0 = Debug|Any CPU
		{A8D33B00-CFAB-46DA-B051-A87F1BC1E8FF}.Release|Any CPU.ActiveCfg = Release|Any CPU
		{A8D33B00-CFAB-46DA-B051-A87F1BC1E8FF}.Release|Any CPU.Build.0 = Release|Any CPU
	EndGlobalSection
	GlobalSection(SolutionProperties) = preSolution
		HideSolutionNode = FALSE
	EndGlobalSection
	GlobalSection(ExtensibilityGlobals) = postSolution
		SolutionGuid = {4487E932-499E-4FB9-BD65-E78B1CAE1B97}
	EndGlobalSection
EndGlobal
